Microsoft Visual Studio Solution File, Format Version 12.00
# Visual Studio Version 17
VisualStudioVersion = 17.0.31903.59
MinimumVisualStudioVersion = 10.0.40219.1
Project("{FAE04EC0-301F-11D3-BF4B-00C04F79EFBC}") = "Project01", "Project01\Project01.csproj", "{A1B2C3D4-0000-0000-0000-000000000001}"
EndProject
Project("{FAE04EC0-301F-11D3-BF4B-00C04F79EFBC}") = "Project02", "Project02\Project02.csproj", "{A1B2C3D4-0000-0000-0000-000000000002}"
EndProject
Project("{FAE04EC0-301F-11D3-BF4B-00C04F79EFBC}") = "Project03", "Project03\Project03.csproj", "{A1B2C3D4-0000-0000-0000-000000000003}"
EndProject
Project("{FAE04EC0-301F-11D3-BF4B-00C04F79EFBC}") = "Project04", "Project04\Project04.csproj", "{A1B2C3D4-0000-0000-0000-000000000004}"
EndProject
Project("{FAE04EC0-301F-11D3-BF4B-00C04F79EFBC}") = "Project05", "Project05\Project05.csproj", "{A1B2C3D4-0000-0000-0000-000000000005}"
EndProject
Project("{FAE04EC0-301F-11D3-BF4B-00C04F79EFBC}") = "Project06", "Project06\Project06.csproj", "{A1B2C3D4-0000-0000-0000-000000000006}"
EndProject
Project("{FAE04EC0-301F-11D3-BF4B-00C04F79EFBC}") = "Project07", "Project07\Project07.csproj", "{A1B2C3D4-0000-0000-0000-000000000007}"
EndProject
Project("{FAE04EC0-301F-11D3-BF4B-00C04F79EFBC}") = "Project08", "Project08\Project08.csproj", "{A1B2C3D4-0000-0000-0000-000000000008}"
EndProject
Project("{FAE04EC0-301F-11D3-BF4B-00C04F79EFBC}") = "Project09", "Project09\Project09.csproj", "{A1B2C3D4-0000-0000-0000-000000000009}"
EndProject
Project("{FAE04EC0-301F-11D3-BF4B-00C04F79EFBC}") = "Project10", "Project10\Project10.csproj", "{A1B2C3D4-0000-0000-0000-00000000000A}"
EndProject
Project("{FAE04EC0-301F-11D3-BF4B-00C04F79EFBC}") = "Project11", "Project11\Project11.csproj", "{A1B2C3D4-0000-0000-0000-00000000000B}"
EndProject
Project("{FAE04EC0-301F-11D3-BF4B-00C04F79EFBC}") = "Project12", "Project12\Project12.csproj", "{A1B2C3D4-0000-0000-0000-00000000000C}"
EndProject
Project("{FAE04EC0-301F-11D3-BF4B-00C04F79EFBC}") = "Project13", "Project13\Project13.csproj", "{A1B2C3D4-0000-0000-0000-00000000000D}"
EndProject
Project("{FAE04EC0-301F-11D3-BF4B-00C04F79EFBC}") = "Project14", "Project14\Project14.csproj", "{A1B2C3D4-0000-0000-0000-00000000000E}"
EndProject
Project("{FAE04EC0-301F-11D3-BF4B-00C04F79EFBC}") = "Project15", "Project15\Project15.csproj", "{A1B2C3D4-0000-0000-0000-00000000000F}"
EndProject
Project("{FAE04EC0-301F-11D3-BF4B-00C04F79EFBC}") = "Project16", "Project16\Project16.csproj", "{A1B2C3D4-0000-0000-0000-000000000010}"
EndProject
Project("{FAE04EC0-301F-11D3-BF4B-00C04F79EFBC}") = "Project17", "Project17\Project17.csproj", "{A1B2C3D4-0000-0000-0000-000000000011}"
EndProject
Project("{FAE04EC0-301F-11D3-BF4B-00C04F79EFBC}") = "Project18", "Project18\Project18.csproj", "{A1B2C3D4-0000-0000-0000-000000000012}"
EndProject
Project("{FAE04EC0-301F-11D3-BF4B-00C04F79EFBC}") = "Project19", "Project19\Project19.csproj", "{A1B2C3D4-0000-0000-0000-000000000013}"
EndProject
Project("{FAE04EC0-301F-11D3-BF4B-00C04F79EFBC}") = "Project20", "Project20\Project20.csproj", "{A1B2C3D4-0000-0000-0000-000000000014}"
EndProject
Project("{FAE04EC0-301F-11D3-BF4B-00C04F79EFBC}") = "Project21", "Project21\Project21.csproj", "{A1B2C3D4-0000-0000-0000-000000000015}"
EndProject
Project("{FAE04EC0-301F-11D3-BF4B-00C04F79EFBC}") = "Project22", "Project22\Project22.csproj", "{A1B2C3D4-0000-0000-0000-000000000016}"
EndProject
Project("{FAE04EC0-301F-11D3-BF4B-00C04F79EFBC}") = "Project23", "Project23\Project23.csproj", "{A1B2C3D4-0000-0000-0000-000000000017}"
EndProject
Project("{FAE04EC0-301F-11D3-BF4B-00C04F79EFBC}") = "Project24", "Project24\Project24.csproj", "{A1B2C3D4-0000-0000-0000-000000000018}"
EndProject
Project("{FAE04EC0-301F-11D3-BF4B-00C04F79EFBC}") = "Project25", "Project25\Project25.csproj", "{A1B2C3D4-0000-0000-0000-000000000019}"
EndProject
Global
	GlobalSection(SolutionConfigurationPlatforms) = preSolution
		Debug|Any CPU = Debug|Any CPU
		Release|Any CPU = Release|Any CPU
	EndGlobalSection
	GlobalSection(ProjectConfigurationPlatforms) = postSolution
		{A1B2C3D4-0000-0000-0000-000000000001}.Debug|Any CPU.ActiveCfg = Debug|Any CPU
		{A1B2C3D4-0000-0000-0000-000000000001}.Debug|Any CPU.Build.0 = Debug|Any CPU
		{A1B2C3D4-0000-0000-0000-000000000001}.Release|Any CPU.ActiveCfg = Release|Any CPU
		{A1B2C3D4-0000-0000-0000-000000000001}.Release|Any CPU.Build.0 = Release|Any CPU
		{A1B2C3D4-0000-0000-0000-000000000002}.Debug|Any CPU.ActiveCfg = Debug|Any CPU
		{A1B2C3D4-0000-0000-0000-000000000002}.Debug|Any CPU.Build.0 = Debug|Any CPU
		{A1B2C3D4-0000-0000-0000-000000000002}.Release|Any CPU.ActiveCfg = Release|Any CPU
		{A1B2C3D4-0000-0000-0000-000000000002}.Release|Any CPU.Build.0 = Release|Any CPU
		{A1B2C3D4-0000-0000-0000-000000000003}.Debug|Any CPU.ActiveCfg = Debug|Any CPU
		{A1B2C3D4-0000-0000-0000-000000000003}.Debug|Any CPU.Build.0 = Debug|Any CPU
		{A1B2C3D4-0000-0000-0000-000000000003}.Release|Any CPU.ActiveCfg = Release|Any CPU
		{A1B2C3D4-0000-0000-0000-000000000003}.Release|Any CPU.Build.0 = Release|Any CPU
		{A1B2C3D4-0000-0000-0000-000000000004}.Debug|Any CPU.ActiveCfg = Debug|Any CPU
		{A1B2C3D4-0000-0000-0000-000000000004}.Debug|Any CPU.Build.0 = Debug|Any CPU
		{A1B2C3D4-0000-0000-0000-000000000004}.Release|Any CPU.ActiveCfg = Release|Any CPU
		{A1B2C3D4-0000-0000-0000-000000000004}.Release|Any CPU.Build.0 = Release|Any CPU
		{A1B2C3D4-0000-0000-0000-000000000005}.Debug|Any CPU.ActiveCfg = Debug|Any CPU
		{A1B2C3D4-0000-0000-0000-000000000005}.Debug|Any CPU.Build.0 = Debug|Any CPU
		{A1B2C3D4-0000-0000-0000-000000000005}.Release|Any CPU.ActiveCfg = Release|Any CPU
		{A1B2C3D4-0000-0000-0000-000000000005}.Release|Any CPU.Build.0 = Release|Any CPU
		{A1B2C3D4-0000-0000-0000-000000000006}.Debug|Any CPU.ActiveCfg = Debug|Any CPU
		{A1B2C3D4-0000-0000-0000-000000000006}.Debug|Any CPU.Build.0 = Debug|Any CPU
		{A1B2C3D4-0000-0000-0000-000000000006}.Release|Any CPU.ActiveCfg = Release|Any CPU
		{A1B2C3D4-0000-0000-0000-000000000006}.Release|Any CPU.Build.0 = Release|Any CPU
		{A1B2C3D4-0000-0000-0000-000000000007}.Debug|Any CPU.ActiveCfg = Debug|Any CPU
		{A1B2C3D4-0000-0000-0000-000000000007}.Debug|Any CPU.Build.0 = Debug|Any CPU
		{A1B2C3D4-0000-0000-0000-000000000007}.Release|Any CPU.ActiveCfg = Release|Any CPU
		{A1B2C3D4-0000-0000-0000-000000000007}.Release|Any CPU.Build.0 = Release|Any CPU
		{A1B2C3D4-0000-0000-0000-000000000008}.Debug|Any CPU.ActiveCfg = Debug|Any CPU
		{A1B2C3D4-0000-0000-0000-000000000008}.Debug|Any CPU.Build.0 = Debug|Any CPU
		{A1B2C3D4-0000-0000-0000-000000000008}.Release|Any CPU.ActiveCfg = Release|Any CPU
		{A1B2C3D4-0000-0000-0000-000000000008}.Release|Any CPU.Build.0 = Release|Any CPU
		{A1B2C3D4-0000-0000-0000-000000000009}.Debug|Any CPU.ActiveCfg = Debug|Any CPU
		{A1B2C3D4-0000-0000-0000-000000000009}.Debug|Any CPU.Build.0 = Debug|Any CPU
		{A1B2C3D4-0000-0000-0000-000000000009}.Release|Any CPU.ActiveCfg = Release|Any CPU
		{A1B2C3D4-0000-0000-0000-000000000009}.Release|Any CPU.Build.0 = Release|Any CPU
		{A1B2C3D4-0000-0000-0000-00000000000A}.Debug|Any CPU.ActiveCfg = Debug|Any CPU
		{A1B2C3D4-0000-0000-0000-00000000000A}.Debug|Any CPU.Build.0 = Debug|Any CPU
		{A1B2C3D4-0000-0000-0000-00000000000A}.Release|Any CPU.ActiveCfg = Release|Any CPU
		{A1B2C3D4-0000-0000-0000-00000000000A}.Release|Any CPU.Build.0 = Release|Any CPU
		{A1B2C3D4-0000-0000-0000-00000000000B}.Debug|Any CPU.ActiveCfg = Debug|Any CPU
		{A1B2C3D4-0000-0000-0000-00000000000B}.Debug|Any CPU.Build.0 = Debug|Any CPU
		{A1B2C3D4-0000-0000-0000-00000000000B}.Release|Any CPU.ActiveCfg = Release|Any CPU
		{A1B2C3D4-0000-0000-0000-00000000000B}.Release|Any CPU.Build.0 = Release|Any CPU
		{A1B2C3D4-0000-0000-0000-00000000000C}.Debug|Any CPU.ActiveCfg = Debug|Any CPU
		{A1B2C3D4-0000-0000-0000-00000000000C}.Debug|Any CPU.Build.0 = Debug|Any CPU
		{A1B2C3D4-0000-0000-0000-00000000000C}.Release|Any CPU.ActiveCfg = Release|Any CPU
		{A1B2C3D4-0000-0000-0000-00000000000C}.Release|Any CPU.Build.0 = Release|Any CPU
		{A1B2C3D4-0000-0000-0000-00000000000D}.Debug|Any CPU.ActiveCfg = Debug|Any CPU
		{A1B2C3D4-0000-0000-0000-00000000000D}.Debug|Any CPU.Build.0 = Debug|Any CPU
		{A1B2C3D4-0000-0000-0000-00000000000D}.Release|Any CPU.ActiveCfg = Release|Any CPU
		{A1B2C3D4-0000-0000-0000-00000000000D}.Release|Any CPU.Build.0 = Release|Any CPU
		{A1B2C3D4-0000-0000-0000-00000000000E}.Debug|Any CPU.ActiveCfg = Debug|Any CPU
		{A1B2C3D4-0000-0000-0000-00000000000E}.Debug|Any CPU.Build.0 = Debug|Any CPU
		{A1B2C3D4-0000-0000-0000-00000000000E}.Release|Any CPU.ActiveCfg = Release|Any CPU
		{A1B2C3D4-0000-0000-0000-00000000000E}.Release|Any CPU.Build.0 = Release|Any CPU
		{A1B2C3D4-0000-0000-0000-00000000000F}.Debug|Any CPU.ActiveCfg = Debug|Any CPU
		{A1B2C3D4-0000-0000-0000-00000000000F}.Debug|Any CPU.Build.0 = Debug|Any CPU
		{A1B2C3D4-0000-0000-0000-00000000000F}.Release|Any CPU.ActiveCfg = Release|Any CPU
		{A1B2C3D4-0000-0000-0000-00000000000F}.Release|Any CPU.Build.0 = Release|Any CPU
		{A1B2C3D4-0000-0000-0000-000000000010}.Debug|Any CPU.ActiveCfg = Debug|Any CPU
		{A1B2C3D4-0000-0000-0000-000000000010}.Debug|Any CPU.Build.0 = Debug|Any CPU
		{A1B2C3D4-0000-0000-0000-000000000010}.Release|Any CPU.ActiveCfg = Release|Any CPU
		{A1B2C3D4-0000-0000-0000-000000000010}.Release|Any CPU.Build.0 = Release|Any CPU
		{A1B2C3D4-0000-0000-0000-000000000011}.Debug|Any CPU.ActiveCfg = Debug|Any CPU
		{A1B2C3D4-0000-0000-0000-000000000011}.Debug|Any CPU.Build.0 = Debug|Any CPU
		{A1B2C3D4-0000-0000-0000-000000000011}.Release|Any CPU.ActiveCfg = Release|Any CPU
		{A1B2C3D4-0000-0000-0000-000000000011}.Release|Any CPU.Build.0 = Release|Any CPU
		{A1B2C3D4-0000-0000-0000-000000000012}.Debug|Any CPU.ActiveCfg = Debug|Any CPU
		{A1B2C3D4-0000-0000-0000-000000000012}.Debug|Any CPU.Build.0 = Debug|Any CPU
		{A1B2C3D4-0000-0000-0000-000000000012}.Release|Any CPU.ActiveCfg = Release|Any CPU
		{A1B2C3D4-0000-0000-0000-000000000012}.Release|Any CPU.Build.0 = Release|Any CPU
		{A1B2C3D4-0000-0000-0000-000000000013}.Debug|Any CPU.ActiveCfg = Debug|Any CPU
		{A1B2C3D4-0000-0000-0000-000000000013}.Debug|Any CPU.Build.0 = Debug|Any CPU
		{A1B2C3D4-0000-0000-0000-000000000013}.Release|Any CPU.ActiveCfg = Release|Any CPU
		{A1B2C3D4-0000-0000-0000-000000000013}.Release|Any CPU.Build.0 = Release|Any CPU
		{A1B2C3D4-0000-0000-0000-000000000014}.Debug|Any CPU.ActiveCfg = Debug|Any CPU
		{A1B2C3D4-0000-0000-0000-000000000014}.Debug|Any CPU.Build.0 = Debug|Any CPU
		{A1B2C3D4-0000-0000-0000-000000000014}.Release|Any CPU.ActiveCfg = Release|Any CPU
		{A1B2C3D4-0000-0000-0000-000000000014}.Release|Any CPU.Build.0 = Release|Any CPU
		{A1B2C3D4-0000-0000-0000-000000000015}.Debug|Any CPU.ActiveCfg = Debug|Any CPU
		{A1B2C3D4-0000-0000-0000-000000000015}.Debug|Any CPU.Build.0 = Debug|Any CPU
		{A1B2C3D4-0000-0000-0000-000000000015}.Release|Any CPU.ActiveCfg = Release|Any CPU
		{A1B2C3D4-0000-0000-0000-000000000015}.Release|Any CPU.Build.0 = Release|Any CPU
		{A1B2C3D4-0000-0000-0000-000000000016}.Debug|Any CPU.ActiveCfg = Debug|Any CPU
		{A1B2C3D4-0000-0000-0000-000000000016}.Debug|Any CPU.Build.0 = Debug|Any CPU
		{A1B2C3D4-0000-0000-0000-000000000016}.Release|Any CPU.ActiveCfg = Release|Any CPU
		{A1B2C3D4-0000-0000-0000-000000000016}.Release|Any CPU.Build.0 = Release|Any CPU
		{A1B2C3D4-0000-0000-0000-000000000017}.Debug|Any CPU.ActiveCfg = Debug|Any CPU
		{A1B2C3D4-0000-0000-0000-000000000017}.Debug|Any CPU.Build.0 = Debug|Any CPU
		{A1B2C3D4-0000-0000-0000-000000000017}.Release|Any CPU.ActiveCfg = Release|Any CPU
		{A1B2C3D4-0000-0000-0000-000000000017}.Release|Any CPU.Build.0 = Release|Any CPU
		{A1B2C3D4-0000-0000-0000-000000000018}.Debug|Any CPU.ActiveCfg = Debug|Any CPU
		{A1B2C3D4-0000-0000-0000-000000000018}.Debug|Any CPU.Build.0 = Debug|Any CPU
		{A1B2C3D4-0000-0000-0000-000000000018}.Release|Any CPU.ActiveCfg = Release|Any CPU
		{A1B2C3D4-0000-0000-0000-000000000018}.Release|Any CPU.Build.0 = Release|Any CPU
		{A1B2C3D4-0000-0000-0000-000000000019}.Debug|Any CPU.ActiveCfg = Debug|Any CPU
		{A1B2C3D4-0000-0000-0000-000000000019}.Debug|Any CPU.Build.0 = Debug|Any CPU
		{A1B2C3D4-0000-0000-0000-000000000019}.Release|Any CPU.ActiveCfg = Release|Any CPU
		{A1B2C3D4-0000-0000-0000-000000000019}.Release|Any CPU.Build.0 = Release|Any CPU
	EndGlobalSection
	GlobalSection(SolutionProperties) = preSolution
		HideSolutionNode = FALSE
	EndGlobalSection
EndGlobal
